// !$*UTF8*$!
{
	archiveVersion = 1;
	classes = {
	};
	objectVersion = 50;
	objects = {

/* Begin PBXBuildFile section */
		5C002CDC216A2ED100068C3D /* GradientView.swift in Sources */ = {isa = PBXBuildFile; fileRef = 5C002CDB216A2ED100068C3D /* GradientView.swift */; };
		5C040F3E217BDF3100AD1EDE /* AuthServices.swift in Sources */ = {isa = PBXBuildFile; fileRef = 5C040F3D217BDF3100AD1EDE /* AuthServices.swift */; };
		5C08582B219CFA690070815A /* UserDataService.swift in Sources */ = {isa = PBXBuildFile; fileRef = 5C08582A219CFA690070815A /* UserDataService.swift */; };
		5C2BECC4216EDDA300E0D52C /* Constants.swift in Sources */ = {isa = PBXBuildFile; fileRef = 5C2BECC3216EDDA300E0D52C /* Constants.swift */; };
		5C2BECC6216EE2A100E0D52C /* LoginVC.swift in Sources */ = {isa = PBXBuildFile; fileRef = 5C2BECC5216EE2A100E0D52C /* LoginVC.swift */; };
		5C77A3C12168150C000D7EC2 /* AppDelegate.swift in Sources */ = {isa = PBXBuildFile; fileRef = 5C77A3C02168150C000D7EC2 /* AppDelegate.swift */; };
		5C77A3C62168150C000D7EC2 /* Main.storyboard in Resources */ = {isa = PBXBuildFile; fileRef = 5C77A3C42168150C000D7EC2 /* Main.storyboard */; };
		5C77A3C821681511000D7EC2 /* Assets.xcassets in Resources */ = {isa = PBXBuildFile; fileRef = 5C77A3C721681511000D7EC2 /* Assets.xcassets */; };
		5C77A3CB21681511000D7EC2 /* LaunchScreen.storyboard in Resources */ = {isa = PBXBuildFile; fileRef = 5C77A3C921681511000D7EC2 /* LaunchScreen.storyboard */; };
		5C77A3D62168EC49000D7EC2 /* SWRevealViewController.m in Sources */ = {isa = PBXBuildFile; fileRef = 5C77A3D42168EC48000D7EC2 /* SWRevealViewController.m */; };
		5CB38F252170BE290015C8E6 /* CreateAccountVC.swift in Sources */ = {isa = PBXBuildFile; fileRef = 5CB38F242170BE290015C8E6 /* CreateAccountVC.swift */; };
		5CC5C49D218BC4C700CC9AA2 /* RoundedButton.swift in Sources */ = {isa = PBXBuildFile; fileRef = 5CC5C49C218BC4C700CC9AA2 /* RoundedButton.swift */; };
		5CC5E3C4216951B500E52B05 /* ChatVC.swift in Sources */ = {isa = PBXBuildFile; fileRef = 5CC5E3C3216951B500E52B05 /* ChatVC.swift */; };
		5CC5E3C6216951C900E52B05 /* ChannelVC.swift in Sources */ = {isa = PBXBuildFile; fileRef = 5CC5E3C5216951C900E52B05 /* ChannelVC.swift */; };
		709F8DF11C5A66A225089A4E /* Pods_Smack_guided.framework in Frameworks */ = {isa = PBXBuildFile; fileRef = E3D8BAE7A2E4CD751FCEBF48 /* Pods_Smack_guided.framework */; };
/* End PBXBuildFile section */

/* Begin PBXFileReference section */
		5C002CDB216A2ED100068C3D /* GradientView.swift */ = {isa = PBXFileReference; lastKnownFileType = sourcecode.swift; path = GradientView.swift; sourceTree = "<group>"; };
		5C040F3D217BDF3100AD1EDE /* AuthServices.swift */ = {isa = PBXFileReference; lastKnownFileType = sourcecode.swift; path = AuthServices.swift; sourceTree = "<group>"; };
		5C08582A219CFA690070815A /* UserDataService.swift */ = {isa = PBXFileReference; lastKnownFileType = sourcecode.swift; path = UserDataService.swift; sourceTree = "<group>"; };
		5C2BECC3216EDDA300E0D52C /* Constants.swift */ = {isa = PBXFileReference; lastKnownFileType = sourcecode.swift; path = Constants.swift; sourceTree = "<group>"; };
		5C2BECC5216EE2A100E0D52C /* LoginVC.swift */ = {isa = PBXFileReference; lastKnownFileType = sourcecode.swift; path = LoginVC.swift; sourceTree = "<group>"; };
		5C77A3BD2168150C000D7EC2 /* Smack-guided.app */ = {isa = PBXFileReference; explicitFileType = wrapper.application; includeInIndex = 0; path = "Smack-guided.app"; sourceTree = BUILT_PRODUCTS_DIR; };
		5C77A3C02168150C000D7EC2 /* AppDelegate.swift */ = {isa = PBXFileReference; lastKnownFileType = sourcecode.swift; path = AppDelegate.swift; sourceTree = "<group>"; };
		5C77A3C52168150C000D7EC2 /* Base */ = {isa = PBXFileReference; lastKnownFileType = file.storyboard; name = Base; path = Base.lproj/Main.storyboard; sourceTree = "<group>"; };
		5C77A3C721681511000D7EC2 /* Assets.xcassets */ = {isa = PBXFileReference; lastKnownFileType = folder.assetcatalog; path = Assets.xcassets; sourceTree = "<group>"; };
		5C77A3CA21681511000D7EC2 /* Base */ = {isa = PBXFileReference; lastKnownFileType = file.storyboard; name = Base; path = Base.lproj/LaunchScreen.storyboard; sourceTree = "<group>"; };
		5C77A3CC21681511000D7EC2 /* Info.plist */ = {isa = PBXFileReference; lastKnownFileType = text.plist.xml; path = Info.plist; sourceTree = "<group>"; };
		5C77A3D32168EC47000D7EC2 /* Smack-guided-Bridging-Header.h */ = {isa = PBXFileReference; lastKnownFileType = sourcecode.c.h; path = "Smack-guided-Bridging-Header.h"; sourceTree = "<group>"; };
		5C77A3D42168EC48000D7EC2 /* SWRevealViewController.m */ = {isa = PBXFileReference; fileEncoding = 4; lastKnownFileType = sourcecode.c.objc; path = SWRevealViewController.m; sourceTree = "<group>"; };
		5C77A3D52168EC49000D7EC2 /* SWRevealViewController.h */ = {isa = PBXFileReference; fileEncoding = 4; lastKnownFileType = sourcecode.c.h; path = SWRevealViewController.h; sourceTree = "<group>"; };
		5CB38F242170BE290015C8E6 /* CreateAccountVC.swift */ = {isa = PBXFileReference; lastKnownFileType = sourcecode.swift; path = CreateAccountVC.swift; sourceTree = "<group>"; };
		5CC5C49C218BC4C700CC9AA2 /* RoundedButton.swift */ = {isa = PBXFileReference; lastKnownFileType = sourcecode.swift; path = RoundedButton.swift; sourceTree = "<group>"; };
		5CC5E3C3216951B500E52B05 /* ChatVC.swift */ = {isa = PBXFileReference; lastKnownFileType = sourcecode.swift; path = ChatVC.swift; sourceTree = "<group>"; };
		5CC5E3C5216951C900E52B05 /* ChannelVC.swift */ = {isa = PBXFileReference; lastKnownFileType = sourcecode.swift; path = ChannelVC.swift; sourceTree = "<group>"; };
		76456112B5134D94103B4255 /* Pods-Smack-guided.debug.xcconfig */ = {isa = PBXFileReference; includeInIndex = 1; lastKnownFileType = text.xcconfig; name = "Pods-Smack-guided.debug.xcconfig"; path = "Pods/Target Support Files/Pods-Smack-guided/Pods-Smack-guided.debug.xcconfig"; sourceTree = "<group>"; };
		7B0042E9A7172E4D300AD0DD /* Pods-Smack-guided.release.xcconfig */ = {isa = PBXFileReference; includeInIndex = 1; lastKnownFileType = text.xcconfig; name = "Pods-Smack-guided.release.xcconfig"; path = "Pods/Target Support Files/Pods-Smack-guided/Pods-Smack-guided.release.xcconfig"; sourceTree = "<group>"; };
		E3D8BAE7A2E4CD751FCEBF48 /* Pods_Smack_guided.framework */ = {isa = PBXFileReference; explicitFileType = wrapper.framework; includeInIndex = 0; path = Pods_Smack_guided.framework; sourceTree = BUILT_PRODUCTS_DIR; };
/* End PBXFileReference section */

/* Begin PBXFrameworksBuildPhase section */
		5C77A3BA2168150C000D7EC2 /* Frameworks */ = {
			isa = PBXFrameworksBuildPhase;
			buildActionMask = 2147483647;
			files = (
				709F8DF11C5A66A225089A4E /* Pods_Smack_guided.framework in Frameworks */,
			);
			runOnlyForDeploymentPostprocessing = 0;
		};
/* End PBXFrameworksBuildPhase section */

/* Begin PBXGroup section */
		56C4118FEF72D81CFF64BF74 /* Pods */ = {
			isa = PBXGroup;
			children = (
				76456112B5134D94103B4255 /* Pods-Smack-guided.debug.xcconfig */,
				7B0042E9A7172E4D300AD0DD /* Pods-Smack-guided.release.xcconfig */,
			);
			name = Pods;
			sourceTree = "<group>";
		};
		5C040F3C217BDF0E00AD1EDE /* Services */ = {
			isa = PBXGroup;
			children = (
				5C040F3D217BDF3100AD1EDE /* AuthServices.swift */,
				5C08582A219CFA690070815A /* UserDataService.swift */,
			);
			path = Services;
			sourceTree = "<group>";
		};
		5C2BECC2216EDD7200E0D52C /* Utilities */ = {
			isa = PBXGroup;
			children = (
				5C2BECC3216EDDA300E0D52C /* Constants.swift */,
			);
			path = Utilities;
			sourceTree = "<group>";
		};
		5C77A3B42168150C000D7EC2 = {
			isa = PBXGroup;
			children = (
				5C77A3BF2168150C000D7EC2 /* Smack-guided */,
				5C77A3BE2168150C000D7EC2 /* Products */,
				56C4118FEF72D81CFF64BF74 /* Pods */,
				95DBA8787BDCD6B71090029C /* Frameworks */,
			);
			sourceTree = "<group>";
		};
		5C77A3BE2168150C000D7EC2 /* Products */ = {
			isa = PBXGroup;
			children = (
				5C77A3BD2168150C000D7EC2 /* Smack-guided.app */,
			);
			name = Products;
			sourceTree = "<group>";
		};
		5C77A3BF2168150C000D7EC2 /* Smack-guided */ = {
			isa = PBXGroup;
			children = (
				5C040F3C217BDF0E00AD1EDE /* Services */,
				5C2BECC2216EDD7200E0D52C /* Utilities */,
				5CC5E3C22169517F00E52B05 /* Model */,
				5CC5E3C12169517800E52B05 /* View */,
				5CC5E3C02169516F00E52B05 /* Controller */,
				5C77A3D22168EB8A000D7EC2 /* Supporting Files */,
				5C77A3C02168150C000D7EC2 /* AppDelegate.swift */,
				5C77A3C42168150C000D7EC2 /* Main.storyboard */,
				5C77A3C721681511000D7EC2 /* Assets.xcassets */,
				5C77A3C921681511000D7EC2 /* LaunchScreen.storyboard */,
				5C77A3CC21681511000D7EC2 /* Info.plist */,
			);
			path = "Smack-guided";
			sourceTree = "<group>";
		};
		5C77A3D22168EB8A000D7EC2 /* Supporting Files */ = {
			isa = PBXGroup;
			children = (
				5C77A3D52168EC49000D7EC2 /* SWRevealViewController.h */,
				5C77A3D42168EC48000D7EC2 /* SWRevealViewController.m */,
				5C77A3D32168EC47000D7EC2 /* Smack-guided-Bridging-Header.h */,
			);
			path = "Supporting Files";
			sourceTree = "<group>";
		};
		5CC5E3C02169516F00E52B05 /* Controller */ = {
			isa = PBXGroup;
			children = (
				5CC5E3C3216951B500E52B05 /* ChatVC.swift */,
				5CC5E3C5216951C900E52B05 /* ChannelVC.swift */,
				5C2BECC5216EE2A100E0D52C /* LoginVC.swift */,
				5CB38F242170BE290015C8E6 /* CreateAccountVC.swift */,
			);
			path = Controller;
			sourceTree = "<group>";
		};
		5CC5E3C12169517800E52B05 /* View */ = {
			isa = PBXGroup;
			children = (
				5C002CDB216A2ED100068C3D /* GradientView.swift */,
				5CC5C49C218BC4C700CC9AA2 /* RoundedButton.swift */,
			);
			path = View;
			sourceTree = "<group>";
		};
		5CC5E3C22169517F00E52B05 /* Model */ = {
			isa = PBXGroup;
			children = (
			);
			path = Model;
			sourceTree = "<group>";
		};
		95DBA8787BDCD6B71090029C /* Frameworks */ = {
			isa = PBXGroup;
			children = (
				E3D8BAE7A2E4CD751FCEBF48 /* Pods_Smack_guided.framework */,
			);
			name = Frameworks;
			sourceTree = "<group>";
		};
/* End PBXGroup section */

/* Begin PBXNativeTarget section */
		5C77A3BC2168150C000D7EC2 /* Smack-guided */ = {
			isa = PBXNativeTarget;
			buildConfigurationList = 5C77A3CF21681511000D7EC2 /* Build configuration list for PBXNativeTarget "Smack-guided" */;
			buildPhases = (
				49BBB4D8AF4F81DA754B213C /* [CP] Check Pods Manifest.lock */,
				5C77A3B92168150C000D7EC2 /* Sources */,
				5C77A3BA2168150C000D7EC2 /* Frameworks */,
				5C77A3BB2168150C000D7EC2 /* Resources */,
				A4DE07C5075E49386B72DCF4 /* [CP] Embed Pods Frameworks */,
			);
			buildRules = (
			);
			dependencies = (
			);
			name = "Smack-guided";
			productName = "Smack-guided";
			productReference = 5C77A3BD2168150C000D7EC2 /* Smack-guided.app */;
			productType = "com.apple.product-type.application";
		};
/* End PBXNativeTarget section */

/* Begin PBXProject section */
		5C77A3B52168150C000D7EC2 /* Project object */ = {
			isa = PBXProject;
			attributes = {
				LastSwiftUpdateCheck = 1000;
				LastUpgradeCheck = 1000;
				ORGANIZATIONNAME = "Kyle Johannsen";
				TargetAttributes = {
					5C77A3BC2168150C000D7EC2 = {
						CreatedOnToolsVersion = 10.0;
						LastSwiftMigration = 1000;
					};
				};
			};
			buildConfigurationList = 5C77A3B82168150C000D7EC2 /* Build configuration list for PBXProject "Smack-guided" */;
			compatibilityVersion = "Xcode 9.3";
			developmentRegion = en;
			hasScannedForEncodings = 0;
			knownRegions = (
				en,
				Base,
			);
			mainGroup = 5C77A3B42168150C000D7EC2;
			productRefGroup = 5C77A3BE2168150C000D7EC2 /* Products */;
			projectDirPath = "";
			projectRoot = "";
			targets = (
				5C77A3BC2168150C000D7EC2 /* Smack-guided */,
			);
		};
/* End PBXProject section */

/* Begin PBXResourcesBuildPhase section */
		5C77A3BB2168150C000D7EC2 /* Resources */ = {
			isa = PBXResourcesBuildPhase;
			buildActionMask = 2147483647;
			files = (
				5C77A3CB21681511000D7EC2 /* LaunchScreen.storyboard in Resources */,
				5C77A3C821681511000D7EC2 /* Assets.xcassets in Resources */,
				5C77A3C62168150C000D7EC2 /* Main.storyboard in Resources */,
			);
			runOnlyForDeploymentPostprocessing = 0;
		};
/* End PBXResourcesBuildPhase section */

/* Begin PBXShellScriptBuildPhase section */
		49BBB4D8AF4F81DA754B213C /* [CP] Check Pods Manifest.lock */ = {
			isa = PBXShellScriptBuildPhase;
			buildActionMask = 2147483647;
			files = (
			);
			inputPaths = (
				"${PODS_PODFILE_DIR_PATH}/Podfile.lock",
				"${PODS_ROOT}/Manifest.lock",
			);
			name = "[CP] Check Pods Manifest.lock";
			outputPaths = (
				"$(DERIVED_FILE_DIR)/Pods-Smack-guided-checkManifestLockResult.txt",
			);
			runOnlyForDeploymentPostprocessing = 0;
			shellPath = /bin/sh;
			shellScript = "diff \"${PODS_PODFILE_DIR_PATH}/Podfile.lock\" \"${PODS_ROOT}/Manifest.lock\" > /dev/null\nif [ $? != 0 ] ; then\n    # print error to STDERR\n    echo \"error: The sandbox is not in sync with the Podfile.lock. Run 'pod install' or update your CocoaPods installation.\" >&2\n    exit 1\nfi\n# This output is used by Xcode 'outputs' to avoid re-running this script phase.\necho \"SUCCESS\" > \"${SCRIPT_OUTPUT_FILE_0}\"\n";
			showEnvVarsInLog = 0;
		};
		A4DE07C5075E49386B72DCF4 /* [CP] Embed Pods Frameworks */ = {
			isa = PBXShellScriptBuildPhase;
			buildActionMask = 2147483647;
			files = (
			);
			inputPaths = (
				"${SRCROOT}/Pods/Target Support Files/Pods-Smack-guided/Pods-Smack-guided-frameworks.sh",
				"${BUILT_PRODUCTS_DIR}/Alamofire/Alamofire.framework",
				"${BUILT_PRODUCTS_DIR}/Socket.IO-Client-Swift/SocketIO.framework",
				"${BUILT_PRODUCTS_DIR}/Starscream/Starscream.framework",
				"${BUILT_PRODUCTS_DIR}/SwiftyJSON/SwiftyJSON.framework",
			);
			name = "[CP] Embed Pods Frameworks";
			outputPaths = (
				"${TARGET_BUILD_DIR}/${FRAMEWORKS_FOLDER_PATH}/Alamofire.framework",
				"${TARGET_BUILD_DIR}/${FRAMEWORKS_FOLDER_PATH}/SocketIO.framework",
				"${TARGET_BUILD_DIR}/${FRAMEWORKS_FOLDER_PATH}/Starscream.framework",
				"${TARGET_BUILD_DIR}/${FRAMEWORKS_FOLDER_PATH}/SwiftyJSON.framework",
			);
			runOnlyForDeploymentPostprocessing = 0;
			shellPath = /bin/sh;
			shellScript = "\"${SRCROOT}/Pods/Target Support Files/Pods-Smack-guided/Pods-Smack-guided-frameworks.sh\"\n";
			showEnvVarsInLog = 0;
		};
/* End PBXShellScriptBuildPhase section */

/* Begin PBXSourcesBuildPhase section */
		5C77A3B92168150C000D7EC2 /* Sources */ = {
			isa = PBXSourcesBuildPhase;
			buildActionMask = 2147483647;
			files = (
				5CC5E3C6216951C900E52B05 /* ChannelVC.swift in Sources */,
				5CC5C49D218BC4C700CC9AA2 /* RoundedButton.swift in Sources */,
				5C2BECC4216EDDA300E0D52C /* Constants.swift in Sources */,
				5C08582B219CFA690070815A /* UserDataService.swift in Sources */,
				5CB38F252170BE290015C8E6 /* CreateAccountVC.swift in Sources */,
				5C2BECC6216EE2A100E0D52C /* LoginVC.swift in Sources */,
				5CC5E3C4216951B500E52B05 /* ChatVC.swift in Sources */,
				5C002CDC216A2ED100068C3D /* GradientView.swift in Sources */,
				5C040F3E217BDF3100AD1EDE /* AuthServices.swift in Sources */,
				5C77A3C12168150C000D7EC2 /* AppDelegate.swift in Sources */,
				5C77A3D62168EC49000D7EC2 /* SWRevealViewController.m in Sources */,
			);
			runOnlyForDeploymentPostprocessing = 0;
		};
/* End PBXSourcesBuildPhase section */

/* Begin PBXVariantGroup section */
		5C77A3C42168150C000D7EC2 /* Main.storyboard */ = {
			isa = PBXVariantGroup;
			children = (
				5C77A3C52168150C000D7EC2 /* Base */,
			);
			name = Main.storyboard;
			sourceTree = "<group>";
		};
		5C77A3C921681511000D7EC2 /* LaunchScreen.storyboard */ = {
			isa = PBXVariantGroup;
			children = (
				5C77A3CA21681511000D7EC2 /* Base */,
			);
			name = LaunchScreen.storyboard;
			sourceTree = "<group>";
		};
/* End PBXVariantGroup section */

/* Begin XCBuildConfiguration section */
		5C77A3CD21681511000D7EC2 /* Debug */ = {
			isa = XCBuildConfiguration;
			buildSettings = {
				ALWAYS_SEARCH_USER_PATHS = NO;
				CLANG_ANALYZER_NONNULL = YES;
				CLANG_ANALYZER_NUMBER_OBJECT_CONVERSION = YES_AGGRESSIVE;
				CLANG_CXX_LANGUAGE_STANDARD = "gnu++14";
				CLANG_CXX_LIBRARY = "libc++";
				CLANG_ENABLE_MODULES = YES;
				CLANG_ENABLE_OBJC_ARC = YES;
				CLANG_ENABLE_OBJC_WEAK = YES;
				CLANG_WARN_BLOCK_CAPTURE_AUTORELEASING = YES;
				CLANG_WARN_BOOL_CONVERSION = YES;
				CLANG_WARN_COMMA = YES;
				CLANG_WARN_CONSTANT_CONVERSION = YES;
				CLANG_WARN_DEPRECATED_OBJC_IMPLEMENTATIONS = YES;
				CLANG_WARN_DIRECT_OBJC_ISA_USAGE = YES_ERROR;
				CLANG_WARN_DOCUMENTATION_COMMENTS = YES;
				CLANG_WARN_EMPTY_BODY = YES;
				CLANG_WARN_ENUM_CONVERSION = YES;
				CLANG_WARN_INFINITE_RECURSION = YES;
				CLANG_WARN_INT_CONVERSION = YES;
				CLANG_WARN_NON_LITERAL_NULL_CONVERSION = YES;
				CLANG_WARN_OBJC_IMPLICIT_RETAIN_SELF = YES;
				CLANG_WARN_OBJC_LITERAL_CONVERSION = YES;
				CLANG_WARN_OBJC_ROOT_CLASS = YES_ERROR;
				CLANG_WARN_RANGE_LOOP_ANALYSIS = YES;
				CLANG_WARN_STRICT_PROTOTYPES = YES;
				CLANG_WARN_SUSPICIOUS_MOVE = YES;
				CLANG_WARN_UNGUARDED_AVAILABILITY = YES_AGGRESSIVE;
				CLANG_WARN_UNREACHABLE_CODE = YES;
				CLANG_WARN__DUPLICATE_METHOD_MATCH = YES;
				CODE_SIGN_IDENTITY = "iPhone Developer";
				COPY_PHASE_STRIP = NO;
				DEBUG_INFORMATION_FORMAT = dwarf;
				ENABLE_STRICT_OBJC_MSGSEND = YES;
				ENABLE_TESTABILITY = YES;
				GCC_C_LANGUAGE_STANDARD = gnu11;
				GCC_DYNAMIC_NO_PIC = NO;
				GCC_NO_COMMON_BLOCKS = YES;
				GCC_OPTIMIZATION_LEVEL = 0;
				GCC_PREPROCESSOR_DEFINITIONS = (
					"DEBUG=1",
					"$(inherited)",
				);
				GCC_WARN_64_TO_32_BIT_CONVERSION = YES;
				GCC_WARN_ABOUT_RETURN_TYPE = YES_ERROR;
				GCC_WARN_UNDECLARED_SELECTOR = YES;
				GCC_WARN_UNINITIALIZED_AUTOS = YES_AGGRESSIVE;
				GCC_WARN_UNUSED_FUNCTION = YES;
				GCC_WARN_UNUSED_VARIABLE = YES;
				IPHONEOS_DEPLOYMENT_TARGET = 12.0;
				MTL_ENABLE_DEBUG_INFO = INCLUDE_SOURCE;
				MTL_FAST_MATH = YES;
				ONLY_ACTIVE_ARCH = YES;
				SDKROOT = iphoneos;
				SWIFT_ACTIVE_COMPILATION_CONDITIONS = DEBUG;
				SWIFT_OPTIMIZATION_LEVEL = "-Onone";
			};
			name = Debug;
		};
		5C77A3CE21681511000D7EC2 /* Release */ = {
			isa = XCBuildConfiguration;
			buildSettings = {
				ALWAYS_SEARCH_USER_PATHS = NO;
				CLANG_ANALYZER_NONNULL = YES;
				CLANG_ANALYZER_NUMBER_OBJECT_CONVERSION = YES_AGGRESSIVE;
				CLANG_CXX_LANGUAGE_STANDARD = "gnu++14";
				CLANG_CXX_LIBRARY = "libc++";
				CLANG_ENABLE_MODULES = YES;
				CLANG_ENABLE_OBJC_ARC = YES;
				CLANG_ENABLE_OBJC_WEAK = YES;
				CLANG_WARN_BLOCK_CAPTURE_AUTORELEASING = YES;
				CLANG_WARN_BOOL_CONVERSION = YES;
				CLANG_WARN_COMMA = YES;
				CLANG_WARN_CONSTANT_CONVERSION = YES;
				CLANG_WARN_DEPRECATED_OBJC_IMPLEMENTATIONS = YES;
				CLANG_WARN_DIRECT_OBJC_ISA_USAGE = YES_ERROR;
				CLANG_WARN_DOCUMENTATION_COMMENTS = YES;
				CLANG_WARN_EMPTY_BODY = YES;
				CLANG_WARN_ENUM_CONVERSION = YES;
				CLANG_WARN_INFINITE_RECURSION = YES;
				CLANG_WARN_INT_CONVERSION = YES;
				CLANG_WARN_NON_LITERAL_NULL_CONVERSION = YES;
				CLANG_WARN_OBJC_IMPLICIT_RETAIN_SELF = YES;
				CLANG_WARN_OBJC_LITERAL_CONVERSION = YES;
				CLANG_WARN_OBJC_ROOT_CLASS = YES_ERROR;
				CLANG_WARN_RANGE_LOOP_ANALYSIS = YES;
				CLANG_WARN_STRICT_PROTOTYPES = YES;
				CLANG_WARN_SUSPICIOUS_MOVE = YES;
				CLANG_WARN_UNGUARDED_AVAILABILITY = YES_AGGRESSIVE;
				CLANG_WARN_UNREACHABLE_CODE = YES;
				CLANG_WARN__DUPLICATE_METHOD_MATCH = YES;
				CODE_SIGN_IDENTITY = "iPhone Developer";
				COPY_PHASE_STRIP = NO;
				DEBUG_INFORMATION_FORMAT = "dwarf-with-dsym";
				ENABLE_NS_ASSERTIONS = NO;
				ENABLE_STRICT_OBJC_MSGSEND = YES;
				GCC_C_LANGUAGE_STANDARD = gnu11;
				GCC_NO_COMMON_BLOCKS = YES;
				GCC_WARN_64_TO_32_BIT_CONVERSION = YES;
				GCC_WARN_ABOUT_RETURN_TYPE = YES_ERROR;
				GCC_WARN_UNDECLARED_SELECTOR = YES;
				GCC_WARN_UNINITIALIZED_AUTOS = YES_AGGRESSIVE;
				GCC_WARN_UNUSED_FUNCTION = YES;
				GCC_WARN_UNUSED_VARIABLE = YES;
				IPHONEOS_DEPLOYMENT_TARGET = 12.0;
				MTL_ENABLE_DEBUG_INFO = NO;
				MTL_FAST_MATH = YES;
				SDKROOT = iphoneos;
				SWIFT_COMPILATION_MODE = wholemodule;
				SWIFT_OPTIMIZATION_LEVEL = "-O";
				VALIDATE_PRODUCT = YES;
			};
			name = Release;
		};
		5C77A3D021681511000D7EC2 /* Debug */ = {
			isa = XCBuildConfiguration;
			baseConfigurationReference = 76456112B5134D94103B4255 /* Pods-Smack-guided.debug.xcconfig */;
			buildSettings = {
				ASSETCATALOG_COMPILER_APPICON_NAME = AppIcon;
				CLANG_ENABLE_MODULES = YES;
				CODE_SIGN_STYLE = Automatic;
				DEVELOPMENT_TEAM = "";
				INFOPLIST_FILE = "Smack-guided/Info.plist";
				LD_RUNPATH_SEARCH_PATHS = (
					"$(inherited)",
					"@executable_path/Frameworks",
				);
				PRODUCT_BUNDLE_IDENTIFIER = "com.KyleJohannsen.Smack-guided";
				PRODUCT_NAME = "$(TARGET_NAME)";
				SWIFT_OBJC_BRIDGING_HEADER = "Smack-guided/Supporting Files/Smack-guided-Bridging-Header.h";
				SWIFT_OPTIMIZATION_LEVEL = "-Onone";
				SWIFT_VERSION = 4.2;
				TARGETED_DEVICE_FAMILY = "1,2";
			};
			name = Debug;
		};
		5C77A3D121681511000D7EC2 /* Release */ = {
			isa = XCBuildConfiguration;
			baseConfigurationReference = 7B0042E9A7172E4D300AD0DD /* Pods-Smack-guided.release.xcconfig */;
			buildSettings = {
				ASSETCATALOG_COMPILER_APPICON_NAME = AppIcon;
				CLANG_ENABLE_MODULES = YES;
				CODE_SIGN_STYLE = Automatic;
				DEVELOPMENT_TEAM = "";
				INFOPLIST_FILE = "Smack-guided/Info.plist";
				LD_RUNPATH_SEARCH_PATHS = (
					"$(inherited)",
					"@executable_path/Frameworks",
				);
				PRODUCT_BUNDLE_IDENTIFIER = "com.KyleJohannsen.Smack-guided";
				PRODUCT_NAME = "$(TARGET_NAME)";
				SWIFT_OBJC_BRIDGING_HEADER = "Smack-guided/Supporting Files/Smack-guided-Bridging-Header.h";
				SWIFT_VERSION = 4.2;
				TARGETED_DEVICE_FAMILY = "1,2";
			};
			name = Release;
		};
/* End XCBuildConfiguration section */

/* Begin XCConfigurationList section */
		5C77A3B82168150C000D7EC2 /* Build configuration list for PBXProject "Smack-guided" */ = {
			isa = XCConfigurationList;
			buildConfigurations = (
				5C77A3CD21681511000D7EC2 /* Debug */,
				5C77A3CE21681511000D7EC2 /* Release */,
			);
			defaultConfigurationIsVisible = 0;
			defaultConfigurationName = Release;
		};
		5C77A3CF21681511000D7EC2 /* Build configuration list for PBXNativeTarget "Smack-guided" */ = {
			isa = XCConfigurationList;
			buildConfigurations = (
				5C77A3D021681511000D7EC2 /* Debug */,
				5C77A3D121681511000D7EC2 /* Release */,
			);
			defaultConfigurationIsVisible = 0;
			defaultConfigurationName = Release;
		};
/* End XCConfigurationList section */
	};
	rootObject = 5C77A3B52168150C000D7EC2 /* Project object */;
}
